<Solution>
  <Folder Name="/Domains/">
    <Project Path="Domains/ResumeDomains/ResumeDomains.csproj" Id="53436fe9-872a-4c0a-b804-634808319608" />
  </Folder>
  <Folder Name="/Solutions/">
    <Project Path="WebSolution/websolution.client/websolution.client.esproj">
      <Build />
      <Deploy />
    </Project>
    <Project Path="WebSolution/WebSolution.Server/WebSolution.Server.csproj" Id="22afa160-37a9-4f69-ad46-7ed5e54cd53c" />
  </Folder>
</Solution>
