<Solution>
  <Folder Name="/CoreLibrary/">
    <Project Path="Core/CommonLibrary/CommonLibrary.csproj" Id="770ba004-fa46-40bf-92f0-b31b756a985f" />
  </Folder>
  <Folder Name="/Infrastructure/">
    <Project Path="Infrastructure/Caching/Caching.csproj" Id="d0ccebf6-3130-4d87-8105-8aef4211db28" />
    <Project Path="Infrastructure/Migration/Migration.csproj" Id="4a241c97-7f35-4104-bbf7-63c19f8f6e3e" />
    <Project Path="Infrastructure/Persistence/Persistence.csproj" Id="65e64fdb-d687-414b-8c51-3f564d536c08" />
  </Folder>
  <Folder Name="/Modules/" />
  <Folder Name="/Modules/ResumeModule/">
    <Project Path="Modules/ResumeModule/ResumeModelSL/ResumeModuleSL.csproj" Id="5fe300a2-a6df-4b86-97bb-c600d9689738" />
    <Project Path="Modules/ResumeModule/ResumeModuleDM/ResumeModuleDM.csproj" Id="dbde9041-e2d0-4a4a-9b82-b45722835d70" />
    <Project Path="Modules/ResumeModule/ResumeModulePL/ResumeModulePL.csproj" Id="f93a1041-6d7f-4867-bfaa-9901b851e363" />
    <Project Path="Modules/ResumeModule/ResumeModuleWeb/ResumeModuleWeb.csproj" Id="be2902f1-7647-4804-8541-5d8f8bc07e7c" />
  </Folder>
  <Folder Name="/Solutions/">
    <Project Path="WebSolution/websolution.client/websolution.client.esproj">
      <Build />
      <Deploy />
    </Project>
    <Project Path="WebSolution/WebSolution.Server/WebSolution.Server.csproj" Id="22afa160-37a9-4f69-ad46-7ed5e54cd53c" />
  </Folder>
</Solution>
